
Microsoft Visual Studio Solution File, Format Version 12.00
# Visual Studio Version 17
VisualStudioVersion = 17.4.33205.214
MinimumVisualStudioVersion = 10.0.40219.1
Project("{FAE04EC0-301F-11D3-BF4B-00C04F79EFBC}") = "14(do while loop)", "14(do while loop)\14(do while loop).csproj", "{2C337E09-CCE0-4E77-B721-2A6074F4CC32}"
EndProject
Global
	GlobalSection(SolutionConfigurationPlatforms) = preSolution
		Debug|Any CPU = Debug|Any CPU
		Release|Any CPU = Release|Any CPU
	EndGlobalSection
	GlobalSection(ProjectConfigurationPlatforms) = postSolution
		{2C337E09-CCE0-4E77-B721-2A6074F4CC32}.Debug|Any CPU.ActiveCfg = Debug|Any CPU
		{2C337E09-CCE0-4E77-B721-2A6074F4CC32}.Debug|Any CPU.Build.0 = Debug|Any CPU
		{2C337E09-CCE0-4E77-B721-2A6074F4CC32}.Release|Any CPU.ActiveCfg = Release|Any CPU
		{2C337E09-CCE0-4E77-B721-2A6074F4CC32}.Release|Any CPU.Build.0 = Release|Any CPU
	EndGlobalSection
	GlobalSection(SolutionProperties) = preSolution
		HideSolutionNode = FALSE
	EndGlobalSection
	GlobalSection(ExtensibilityGlobals) = postSolution
		SolutionGuid = {874462B7-2562-4AAA-990B-7F50EEEF0B7E}
	EndGlobalSection
EndGlobal
